
Microsoft Visual Studio Solution File, Format Version 12.00
# Visual Studio Version 17
VisualStudioVersion = 17.1.32228.430
MinimumVisualStudioVersion = 10.0.40219.1
Project("{8BC9CEB8-8B4A-11D0-8D11-00A0C91BC942}") = "GlutForRohit", "GlutForRohit\GlutForRohit.vcxproj", "{63A82B08-6127-4D97-93F1-83958EEF6F18}"
EndProject
Global
	GlobalSection(SolutionConfigurationPlatforms) = preSolution
		Debug|x64 = Debug|x64
		Debug|x86 = Debug|x86
		Release|x64 = Release|x64
		Release|x86 = Release|x86
	EndGlobalSection
	GlobalSection(ProjectConfigurationPlatforms) = postSolution
		{63A82B08-6127-4D97-93F1-83958EEF6F18}.Debug|x64.ActiveCfg = Debug|x64
		{63A82B08-6127-4D97-93F1-83958EEF6F18}.Debug|x64.Build.0 = Debug|x64
		{63A82B08-6127-4D97-93F1-83958EEF6F18}.Debug|x86.ActiveCfg = Debug|Win32
		{63A82B08-6127-4D97-93F1-83958EEF6F18}.Debug|x86.Build.0 = Debug|Win32
		{63A82B08-6127-4D97-93F1-83958EEF6F18}.Release|x64.ActiveCfg = Release|x64
		{63A82B08-6127-4D97-93F1-83958EEF6F18}.Release|x64.Build.0 = Release|x64
		{63A82B08-6127-4D97-93F1-83958EEF6F18}.Release|x86.ActiveCfg = Release|Win32
		{63A82B08-6127-4D97-93F1-83958EEF6F18}.Release|x86.Build.0 = Release|Win32
	EndGlobalSection
	GlobalSection(SolutionProperties) = preSolution
		HideSolutionNode = FALSE
	EndGlobalSection
	GlobalSection(ExtensibilityGlobals) = postSolution
		SolutionGuid = {76704C94-AD92-4A44-A8C5-BE435123349D}
	EndGlobalSection
EndGlobal
